
Microsoft Visual Studio Solution File, Format Version 12.00
# Visual Studio Version 17
VisualStudioVersion = 17.13.35825.156 d17.13
MinimumVisualStudioVersion = 10.0.40219.1
Project("{FAE04EC0-301F-11D3-BF4B-00C04F79EFBC}") = "Cric-Lytics", "Cric-Lytics\Cric-Lytics.csproj", "{4AD358FA-7260-4055-8E9D-235C36A816CC}"
EndProject
Global
	GlobalSection(SolutionConfigurationPlatforms) = preSolution
		Debug|Any CPU = Debug|Any CPU
		Release|Any CPU = Release|Any CPU
	EndGlobalSection
	GlobalSection(ProjectConfigurationPlatforms) = postSolution
		{4AD358FA-7260-4055-8E9D-235C36A816CC}.Debug|Any CPU.ActiveCfg = Debug|Any CPU
		{4AD358FA-7260-4055-8E9D-235C36A816CC}.Debug|Any CPU.Build.0 = Debug|Any CPU
		{4AD358FA-7260-4055-8E9D-235C36A816CC}.Release|Any CPU.ActiveCfg = Release|Any CPU
		{4AD358FA-7260-4055-8E9D-235C36A816CC}.Release|Any CPU.Build.0 = Release|Any CPU
	EndGlobalSection
	GlobalSection(SolutionProperties) = preSolution
		HideSolutionNode = FALSE
	EndGlobalSection
	GlobalSection(ExtensibilityGlobals) = postSolution
		SolutionGuid = {0C0787FF-3A13-4A9C-9CD1-790D325B42D5}
	EndGlobalSection
EndGlobal
